
Microsoft Visual Studio Solution File, Format Version 12.00
# Visual Studio Version 17
VisualStudioVersion = 17.11.35312.102
MinimumVisualStudioVersion = 10.0.40219.1
Project("{FAE04EC0-301F-11D3-BF4B-00C04F79EFBC}") = "ConsoleApp5", "ConsoleApp5\ConsoleApp5.csproj", "{D491F141-4981-4D76-A863-08BE94068B2F}"
EndProject
Project("{FAE04EC0-301F-11D3-BF4B-00C04F79EFBC}") = "AppUnitTest", "AppUnitTest\AppUnitTest.csproj", "{41C77C3D-FD2E-426D-93EE-1E6D0A3C06A6}"
EndProject
Global
	GlobalSection(SolutionConfigurationPlatforms) = preSolution
		Debug|Any CPU = Debug|Any CPU
		Release|Any CPU = Release|Any CPU
	EndGlobalSection
	GlobalSection(ProjectConfigurationPlatforms) = postSolution
		{D491F141-4981-4D76-A863-08BE94068B2F}.Debug|Any CPU.ActiveCfg = Debug|Any CPU
		{D491F141-4981-4D76-A863-08BE94068B2F}.Debug|Any CPU.Build.0 = Debug|Any CPU
		{D491F141-4981-4D76-A863-08BE94068B2F}.Release|Any CPU.ActiveCfg = Release|Any CPU
		{D491F141-4981-4D76-A863-08BE94068B2F}.Release|Any CPU.Build.0 = Release|Any CPU
		{41C77C3D-FD2E-426D-93EE-1E6D0A3C06A6}.Debug|Any CPU.ActiveCfg = Debug|Any CPU
		{41C77C3D-FD2E-426D-93EE-1E6D0A3C06A6}.Debug|Any CPU.Build.0 = Debug|Any CPU
		{41C77C3D-FD2E-426D-93EE-1E6D0A3C06A6}.Release|Any CPU.ActiveCfg = Release|Any CPU
		{41C77C3D-FD2E-426D-93EE-1E6D0A3C06A6}.Release|Any CPU.Build.0 = Release|Any CPU
	EndGlobalSection
	GlobalSection(SolutionProperties) = preSolution
		HideSolutionNode = FALSE
	EndGlobalSection
	GlobalSection(ExtensibilityGlobals) = postSolution
		SolutionGuid = {EADB53D3-ECD1-40E4-A6D1-E0091B0B6688}
	EndGlobalSection
EndGlobal
